
Microsoft Visual Studio Solution File, Format Version 12.00
# Visual Studio Version 16
VisualStudioVersion = 16.0.31702.278
MinimumVisualStudioVersion = 10.0.40219.1
Project("{FAE04EC0-301F-11D3-BF4B-00C04F79EFBC}") = "WebApplication1", "WebApplication1\WebApplication1.csproj", "{C768DAEC-3877-49F3-A014-B741D3AA1B40}"
EndProject
Global
	GlobalSection(SolutionConfigurationPlatforms) = preSolution
		Debug|Any CPU = Debug|Any CPU
		Release|Any CPU = Release|Any CPU
	EndGlobalSection
	GlobalSection(ProjectConfigurationPlatforms) = postSolution
		{C768DAEC-3877-49F3-A014-B741D3AA1B40}.Debug|Any CPU.ActiveCfg = Debug|Any CPU
		{C768DAEC-3877-49F3-A014-B741D3AA1B40}.Debug|Any CPU.Build.0 = Debug|Any CPU
		{C768DAEC-3877-49F3-A014-B741D3AA1B40}.Release|Any CPU.ActiveCfg = Release|Any CPU
		{C768DAEC-3877-49F3-A014-B741D3AA1B40}.Release|Any CPU.Build.0 = Release|Any CPU
	EndGlobalSection
	GlobalSection(SolutionProperties) = preSolution
		HideSolutionNode = FALSE
	EndGlobalSection
	GlobalSection(ExtensibilityGlobals) = postSolution
		SolutionGuid = {1ACABF14-E28A-4219-B4A3-E42E3E6B3E3D}
	EndGlobalSection
EndGlobal
